
Microsoft Visual Studio Solution File, Format Version 12.00
# Visual Studio 14
VisualStudioVersion = 14.0.23107.0
MinimumVisualStudioVersion = 10.0.40219.1
Project("{2150E333-8FDC-42A3-9474-1A3956D46DE8}") = "Solution Items", "Solution Items", "{D2EDA816-2D64-4D3B-8442-93B7C45A0257}"
	ProjectSection(SolutionItems) = preProject
		global.json = global.json
		README.md = README.md
	EndProjectSection
EndProject
Project("{FAE04EC0-301F-11D3-BF4B-00C04F79EFBC}") = "EAPowerTools", "EAPowerTools\EAPowerTools.csproj", "{B8F62779-C771-4626-B113-5C7225FB8438}"
EndProject
Project("{2150E333-8FDC-42A3-9474-1A3956D46DE8}") = "InnoSetup", "InnoSetup", "{E78DF859-626B-4DB2-B019-F4BD62DA8F37}"
	ProjectSection(SolutionItems) = preProject
		SetupScript.iss = SetupScript.iss
	EndProjectSection
EndProject
Project("{2150E333-8FDC-42A3-9474-1A3956D46DE8}") = "Builds", "Builds", "{A5B9ED99-3AF4-4BF1-AC88-8CAA8949DE03}"
	ProjectSection(SolutionItems) = preProject
		Output\EAPowerTools.exe = Output\EAPowerTools.exe
	EndProjectSection
EndProject
Project("{FAE04EC0-301F-11D3-BF4B-00C04F79EFBC}") = "EAPowerToolsFormTests", "EAPowerToolsFormTests\EAPowerToolsFormTests.csproj", "{CB6388FC-F0F3-49F3-AEBE-9EC6FA96EE46}"
EndProject
Project("{FAE04EC0-301F-11D3-BF4B-00C04F79EFBC}") = "EAPowerToolsUnitTests", "EAPowerToolsUnitTests\EAPowerToolsUnitTests.csproj", "{75C0A466-EBCA-4350-A9B3-58B651167C59}"
EndProject
Project("{2150E333-8FDC-42A3-9474-1A3956D46DE8}") = "Screenshots", "Screenshots", "{CF4A57A6-1644-49A1-8306-822297DDB623}"
	ProjectSection(SolutionItems) = preProject
		..\..\..\..\Pictures\EA Power Tools\Capture1.PNG = ..\..\..\..\Pictures\EA Power Tools\Capture1.PNG
		..\..\..\..\Pictures\EA Power Tools\Capture2.PNG = ..\..\..\..\Pictures\EA Power Tools\Capture2.PNG
		..\..\..\..\Pictures\EA Power Tools\Capture3.PNG = ..\..\..\..\Pictures\EA Power Tools\Capture3.PNG
		..\..\..\..\Pictures\EA Power Tools\Capture4.PNG = ..\..\..\..\Pictures\EA Power Tools\Capture4.PNG
	EndProjectSection
EndProject
Global
	GlobalSection(SolutionConfigurationPlatforms) = preSolution
		Debug|Any CPU = Debug|Any CPU
		Debug|ARM = Debug|ARM
		Debug|x64 = Debug|x64
		Debug|x86 = Debug|x86
		Release|Any CPU = Release|Any CPU
		Release|ARM = Release|ARM
		Release|x64 = Release|x64
		Release|x86 = Release|x86
	EndGlobalSection
	GlobalSection(ProjectConfigurationPlatforms) = postSolution
		{B8F62779-C771-4626-B113-5C7225FB8438}.Debug|Any CPU.ActiveCfg = Debug|Any CPU
		{B8F62779-C771-4626-B113-5C7225FB8438}.Debug|Any CPU.Build.0 = Debug|Any CPU
		{B8F62779-C771-4626-B113-5C7225FB8438}.Debug|ARM.ActiveCfg = Debug|Any CPU
		{B8F62779-C771-4626-B113-5C7225FB8438}.Debug|ARM.Build.0 = Debug|Any CPU
		{B8F62779-C771-4626-B113-5C7225FB8438}.Debug|x64.ActiveCfg = Debug|Any CPU
		{B8F62779-C771-4626-B113-5C7225FB8438}.Debug|x64.Build.0 = Debug|Any CPU
		{B8F62779-C771-4626-B113-5C7225FB8438}.Debug|x86.ActiveCfg = Debug|Any CPU
		{B8F62779-C771-4626-B113-5C7225FB8438}.Debug|x86.Build.0 = Debug|Any CPU
		{B8F62779-C771-4626-B113-5C7225FB8438}.Release|Any CPU.ActiveCfg = Release|Any CPU
		{B8F62779-C771-4626-B113-5C7225FB8438}.Release|Any CPU.Build.0 = Release|Any CPU
		{B8F62779-C771-4626-B113-5C7225FB8438}.Release|ARM.ActiveCfg = Release|Any CPU
		{B8F62779-C771-4626-B113-5C7225FB8438}.Release|ARM.Build.0 = Release|Any CPU
		{B8F62779-C771-4626-B113-5C7225FB8438}.Release|x64.ActiveCfg = Release|Any CPU
		{B8F62779-C771-4626-B113-5C7225FB8438}.Release|x64.Build.0 = Release|Any CPU
		{B8F62779-C771-4626-B113-5C7225FB8438}.Release|x86.ActiveCfg = Release|Any CPU
		{B8F62779-C771-4626-B113-5C7225FB8438}.Release|x86.Build.0 = Release|Any CPU
		{CB6388FC-F0F3-49F3-AEBE-9EC6FA96EE46}.Debug|Any CPU.ActiveCfg = Debug|Any CPU
		{CB6388FC-F0F3-49F3-AEBE-9EC6FA96EE46}.Debug|Any CPU.Build.0 = Debug|Any CPU
		{CB6388FC-F0F3-49F3-AEBE-9EC6FA96EE46}.Debug|ARM.ActiveCfg = Debug|Any CPU
		{CB6388FC-F0F3-49F3-AEBE-9EC6FA96EE46}.Debug|ARM.Build.0 = Debug|Any CPU
		{CB6388FC-F0F3-49F3-AEBE-9EC6FA96EE46}.Debug|x64.ActiveCfg = Debug|Any CPU
		{CB6388FC-F0F3-49F3-AEBE-9EC6FA96EE46}.Debug|x64.Build.0 = Debug|Any CPU
		{CB6388FC-F0F3-49F3-AEBE-9EC6FA96EE46}.Debug|x86.ActiveCfg = Debug|Any CPU
		{CB6388FC-F0F3-49F3-AEBE-9EC6FA96EE46}.Debug|x86.Build.0 = Debug|Any CPU
		{CB6388FC-F0F3-49F3-AEBE-9EC6FA96EE46}.Release|Any CPU.ActiveCfg = Release|Any CPU
		{CB6388FC-F0F3-49F3-AEBE-9EC6FA96EE46}.Release|Any CPU.Build.0 = Release|Any CPU
		{CB6388FC-F0F3-49F3-AEBE-9EC6FA96EE46}.Release|ARM.ActiveCfg = Release|Any CPU
		{CB6388FC-F0F3-49F3-AEBE-9EC6FA96EE46}.Release|ARM.Build.0 = Release|Any CPU
		{CB6388FC-F0F3-49F3-AEBE-9EC6FA96EE46}.Release|x64.ActiveCfg = Release|Any CPU
		{CB6388FC-F0F3-49F3-AEBE-9EC6FA96EE46}.Release|x64.Build.0 = Release|Any CPU
		{CB6388FC-F0F3-49F3-AEBE-9EC6FA96EE46}.Release|x86.ActiveCfg = Release|Any CPU
		{CB6388FC-F0F3-49F3-AEBE-9EC6FA96EE46}.Release|x86.Build.0 = Release|Any CPU
		{75C0A466-EBCA-4350-A9B3-58B651167C59}.Debug|Any CPU.ActiveCfg = Debug|Any CPU
		{75C0A466-EBCA-4350-A9B3-58B651167C59}.Debug|Any CPU.Build.0 = Debug|Any CPU
		{75C0A466-EBCA-4350-A9B3-58B651167C59}.Debug|ARM.ActiveCfg = Debug|Any CPU
		{75C0A466-EBCA-4350-A9B3-58B651167C59}.Debug|ARM.Build.0 = Debug|Any CPU
		{75C0A466-EBCA-4350-A9B3-58B651167C59}.Debug|x64.ActiveCfg = Debug|Any CPU
		{75C0A466-EBCA-4350-A9B3-58B651167C59}.Debug|x64.Build.0 = Debug|Any CPU
		{75C0A466-EBCA-4350-A9B3-58B651167C59}.Debug|x86.ActiveCfg = Debug|Any CPU
		{75C0A466-EBCA-4350-A9B3-58B651167C59}.Debug|x86.Build.0 = Debug|Any CPU
		{75C0A466-EBCA-4350-A9B3-58B651167C59}.Release|Any CPU.ActiveCfg = Release|Any CPU
		{75C0A466-EBCA-4350-A9B3-58B651167C59}.Release|Any CPU.Build.0 = Release|Any CPU
		{75C0A466-EBCA-4350-A9B3-58B651167C59}.Release|ARM.ActiveCfg = Release|Any CPU
		{75C0A466-EBCA-4350-A9B3-58B651167C59}.Release|ARM.Build.0 = Release|Any CPU
		{75C0A466-EBCA-4350-A9B3-58B651167C59}.Release|x64.ActiveCfg = Release|Any CPU
		{75C0A466-EBCA-4350-A9B3-58B651167C59}.Release|x64.Build.0 = Release|Any CPU
		{75C0A466-EBCA-4350-A9B3-58B651167C59}.Release|x86.ActiveCfg = Release|Any CPU
		{75C0A466-EBCA-4350-A9B3-58B651167C59}.Release|x86.Build.0 = Release|Any CPU
	EndGlobalSection
	GlobalSection(SolutionProperties) = preSolution
		HideSolutionNode = FALSE
	EndGlobalSection
	GlobalSection(NestedProjects) = preSolution
		{E78DF859-626B-4DB2-B019-F4BD62DA8F37} = {D2EDA816-2D64-4D3B-8442-93B7C45A0257}
		{A5B9ED99-3AF4-4BF1-AC88-8CAA8949DE03} = {D2EDA816-2D64-4D3B-8442-93B7C45A0257}
		{CF4A57A6-1644-49A1-8306-822297DDB623} = {D2EDA816-2D64-4D3B-8442-93B7C45A0257}
	EndGlobalSection
EndGlobal
