
Microsoft Visual Studio Solution File, Format Version 12.00
# Visual Studio 14
VisualStudioVersion = 14.0.23107.0
MinimumVisualStudioVersion = 10.0.40219.1
Project("{2150E333-8FDC-42A3-9474-1A3956D46DE8}") = "src", "src", "{220212F4-1330-4B2F-A798-F2F05F652B48}"
EndProject
Project("{2150E333-8FDC-42A3-9474-1A3956D46DE8}") = "Solution Items", "Solution Items", "{D2EDA816-2D64-4D3B-8442-93B7C45A0257}"
	ProjectSection(SolutionItems) = preProject
		global.json = global.json
	EndProjectSection
EndProject
Project("{FAE04EC0-301F-11D3-BF4B-00C04F79EFBC}") = "EAPowerTools", "EAPowerTools\EAPowerTools.csproj", "{B8F62779-C771-4626-B113-5C7225FB8438}"
EndProject
Global
	GlobalSection(SolutionConfigurationPlatforms) = preSolution
		Debug|Any CPU = Debug|Any CPU
		Release|Any CPU = Release|Any CPU
	EndGlobalSection
	GlobalSection(ProjectConfigurationPlatforms) = postSolution
		{B8F62779-C771-4626-B113-5C7225FB8438}.Debug|Any CPU.ActiveCfg = Debug|Any CPU
		{B8F62779-C771-4626-B113-5C7225FB8438}.Debug|Any CPU.Build.0 = Debug|Any CPU
		{B8F62779-C771-4626-B113-5C7225FB8438}.Release|Any CPU.ActiveCfg = Release|Any CPU
		{B8F62779-C771-4626-B113-5C7225FB8438}.Release|Any CPU.Build.0 = Release|Any CPU
	EndGlobalSection
	GlobalSection(SolutionProperties) = preSolution
		HideSolutionNode = FALSE
	EndGlobalSection
EndGlobal
